// !$*UTF8*$!
{
	archiveVersion = 1;
	classes = {
	};
	objectVersion = 50;
	objects = {

/* Begin PBXBuildFile section */
		53719FA527831B010050D982 /* main.cpp in Sources */ = {isa = PBXBuildFile; fileRef = 53719FA427831B010050D982 /* main.cpp */; };
		53719FAD27831B240050D982 /* Account.cpp in Sources */ = {isa = PBXBuildFile; fileRef = 53719FAB27831B240050D982 /* Account.cpp */; };
		538162C82785B481002EF037 /* ATM.cpp in Sources */ = {isa = PBXBuildFile; fileRef = 538162C62785B481002EF037 /* ATM.cpp */; };
		538162CB2786D8B1002EF037 /* Bank.cpp in Sources */ = {isa = PBXBuildFile; fileRef = 538162C92786D8B1002EF037 /* Bank.cpp */; };
/* End PBXBuildFile section */

/* Begin PBXCopyFilesBuildPhase section */
		53719F9F27831B010050D982 /* CopyFiles */ = {
			isa = PBXCopyFilesBuildPhase;
			buildActionMask = 2147483647;
			dstPath = /usr/share/man/man1/;
			dstSubfolderSpec = 0;
			files = (
			);
			runOnlyForDeploymentPostprocessing = 1;
		};
/* End PBXCopyFilesBuildPhase section */

/* Begin PBXFileReference section */
		53719FA127831B010050D982 /* OS2_Bank */ = {isa = PBXFileReference; explicitFileType = "compiled.mach-o.executable"; includeInIndex = 0; path = OS2_Bank; sourceTree = BUILT_PRODUCTS_DIR; };
		53719FA427831B010050D982 /* main.cpp */ = {isa = PBXFileReference; lastKnownFileType = sourcecode.cpp.cpp; path = main.cpp; sourceTree = "<group>"; };
		53719FAB27831B240050D982 /* Account.cpp */ = {isa = PBXFileReference; lastKnownFileType = sourcecode.cpp.cpp; path = Account.cpp; sourceTree = "<group>"; };
		53719FAC27831B240050D982 /* Account.hpp */ = {isa = PBXFileReference; lastKnownFileType = sourcecode.cpp.h; path = Account.hpp; sourceTree = "<group>"; };
		538162C62785B481002EF037 /* ATM.cpp */ = {isa = PBXFileReference; lastKnownFileType = sourcecode.cpp.cpp; path = ATM.cpp; sourceTree = "<group>"; };
		538162C72785B481002EF037 /* ATM.hpp */ = {isa = PBXFileReference; lastKnownFileType = sourcecode.cpp.h; path = ATM.hpp; sourceTree = "<group>"; };
		538162C92786D8B1002EF037 /* Bank.cpp */ = {isa = PBXFileReference; lastKnownFileType = sourcecode.cpp.cpp; path = Bank.cpp; sourceTree = "<group>"; };
		538162CA2786D8B1002EF037 /* Bank.hpp */ = {isa = PBXFileReference; lastKnownFileType = sourcecode.cpp.h; path = Bank.hpp; sourceTree = "<group>"; };
/* End PBXFileReference section */

/* Begin PBXFrameworksBuildPhase section */
		53719F9E27831B010050D982 /* Frameworks */ = {
			isa = PBXFrameworksBuildPhase;
			buildActionMask = 2147483647;
			files = (
			);
			runOnlyForDeploymentPostprocessing = 0;
		};
/* End PBXFrameworksBuildPhase section */

/* Begin PBXGroup section */
		53719F9827831B010050D982 = {
			isa = PBXGroup;
			children = (
				53719FA327831B010050D982 /* OS2_Bank */,
				53719FA227831B010050D982 /* Products */,
			);
			sourceTree = "<group>";
		};
		53719FA227831B010050D982 /* Products */ = {
			isa = PBXGroup;
			children = (
				53719FA127831B010050D982 /* OS2_Bank */,
			);
			name = Products;
			sourceTree = "<group>";
		};
		53719FA327831B010050D982 /* OS2_Bank */ = {
			isa = PBXGroup;
			children = (
				53719FA427831B010050D982 /* main.cpp */,
				538162C92786D8B1002EF037 /* Bank.cpp */,
				538162CA2786D8B1002EF037 /* Bank.hpp */,
				53719FAB27831B240050D982 /* Account.cpp */,
				53719FAC27831B240050D982 /* Account.hpp */,
				538162C62785B481002EF037 /* ATM.cpp */,
				538162C72785B481002EF037 /* ATM.hpp */,
			);
			path = OS2_Bank;
			sourceTree = "<group>";
		};
/* End PBXGroup section */

/* Begin PBXNativeTarget section */
		53719FA027831B010050D982 /* OS2_Bank */ = {
			isa = PBXNativeTarget;
			buildConfigurationList = 53719FA827831B010050D982 /* Build configuration list for PBXNativeTarget "OS2_Bank" */;
			buildPhases = (
				53719F9D27831B010050D982 /* Sources */,
				53719F9E27831B010050D982 /* Frameworks */,
				53719F9F27831B010050D982 /* CopyFiles */,
			);
			buildRules = (
			);
			dependencies = (
			);
			name = OS2_Bank;
			productName = OS2_Bank;
			productReference = 53719FA127831B010050D982 /* OS2_Bank */;
			productType = "com.apple.product-type.tool";
		};
/* End PBXNativeTarget section */

/* Begin PBXProject section */
		53719F9927831B010050D982 /* Project object */ = {
			isa = PBXProject;
			attributes = {
				LastUpgradeCheck = 1150;
				ORGANIZATIONNAME = Elior;
				TargetAttributes = {
					53719FA027831B010050D982 = {
						CreatedOnToolsVersion = 11.5;
					};
				};
			};
			buildConfigurationList = 53719F9C27831B010050D982 /* Build configuration list for PBXProject "OS2_Bank" */;
			compatibilityVersion = "Xcode 9.3";
			developmentRegion = en;
			hasScannedForEncodings = 0;
			knownRegions = (
				en,
				Base,
			);
			mainGroup = 53719F9827831B010050D982;
			productRefGroup = 53719FA227831B010050D982 /* Products */;
			projectDirPath = "";
			projectRoot = "";
			targets = (
				53719FA027831B010050D982 /* OS2_Bank */,
			);
		};
/* End PBXProject section */

/* Begin PBXSourcesBuildPhase section */
		53719F9D27831B010050D982 /* Sources */ = {
			isa = PBXSourcesBuildPhase;
			buildActionMask = 2147483647;
			files = (
				538162C82785B481002EF037 /* ATM.cpp in Sources */,
				538162CB2786D8B1002EF037 /* Bank.cpp in Sources */,
				53719FA527831B010050D982 /* main.cpp in Sources */,
				53719FAD27831B240050D982 /* Account.cpp in Sources */,
			);
			runOnlyForDeploymentPostprocessing = 0;
		};
/* End PBXSourcesBuildPhase section */

/* Begin XCBuildConfiguration section */
		53719FA627831B010050D982 /* Debug */ = {
			isa = XCBuildConfiguration;
			buildSettings = {
				ALWAYS_SEARCH_USER_PATHS = NO;
				CLANG_ANALYZER_NONNULL = YES;
				CLANG_ANALYZER_NUMBER_OBJECT_CONVERSION = YES_AGGRESSIVE;
				CLANG_CXX_LANGUAGE_STANDARD = "gnu++14";
				CLANG_CXX_LIBRARY = "libc++";
				CLANG_ENABLE_MODULES = YES;
				CLANG_ENABLE_OBJC_ARC = YES;
				CLANG_ENABLE_OBJC_WEAK = YES;
				CLANG_WARN_BLOCK_CAPTURE_AUTORELEASING = YES;
				CLANG_WARN_BOOL_CONVERSION = YES;
				CLANG_WARN_COMMA = YES;
				CLANG_WARN_CONSTANT_CONVERSION = YES;
				CLANG_WARN_DEPRECATED_OBJC_IMPLEMENTATIONS = YES;
				CLANG_WARN_DIRECT_OBJC_ISA_USAGE = YES_ERROR;
				CLANG_WARN_DOCUMENTATION_COMMENTS = YES;
				CLANG_WARN_EMPTY_BODY = YES;
				CLANG_WARN_ENUM_CONVERSION = YES;
				CLANG_WARN_INFINITE_RECURSION = YES;
				CLANG_WARN_INT_CONVERSION = YES;
				CLANG_WARN_NON_LITERAL_NULL_CONVERSION = YES;
				CLANG_WARN_OBJC_IMPLICIT_RETAIN_SELF = YES;
				CLANG_WARN_OBJC_LITERAL_CONVERSION = YES;
				CLANG_WARN_OBJC_ROOT_CLASS = YES_ERROR;
				CLANG_WARN_RANGE_LOOP_ANALYSIS = YES;
				CLANG_WARN_STRICT_PROTOTYPES = YES;
				CLANG_WARN_SUSPICIOUS_MOVE = YES;
				CLANG_WARN_UNGUARDED_AVAILABILITY = YES_AGGRESSIVE;
				CLANG_WARN_UNREACHABLE_CODE = YES;
				CLANG_WARN__DUPLICATE_METHOD_MATCH = YES;
				COPY_PHASE_STRIP = NO;
				DEBUG_INFORMATION_FORMAT = dwarf;
				ENABLE_STRICT_OBJC_MSGSEND = YES;
				ENABLE_TESTABILITY = YES;
				GCC_C_LANGUAGE_STANDARD = gnu11;
				GCC_DYNAMIC_NO_PIC = NO;
				GCC_NO_COMMON_BLOCKS = YES;
				GCC_OPTIMIZATION_LEVEL = 0;
				GCC_PREPROCESSOR_DEFINITIONS = (
					"DEBUG=1",
					"$(inherited)",
				);
				GCC_WARN_64_TO_32_BIT_CONVERSION = YES;
				GCC_WARN_ABOUT_RETURN_TYPE = YES_ERROR;
				GCC_WARN_UNDECLARED_SELECTOR = YES;
				GCC_WARN_UNINITIALIZED_AUTOS = YES_AGGRESSIVE;
				GCC_WARN_UNUSED_FUNCTION = YES;
				GCC_WARN_UNUSED_VARIABLE = YES;
				MACOSX_DEPLOYMENT_TARGET = 10.15;
				MTL_ENABLE_DEBUG_INFO = INCLUDE_SOURCE;
				MTL_FAST_MATH = YES;
				ONLY_ACTIVE_ARCH = YES;
				SDKROOT = macosx;
			};
			name = Debug;
		};
		53719FA727831B010050D982 /* Release */ = {
			isa = XCBuildConfiguration;
			buildSettings = {
				ALWAYS_SEARCH_USER_PATHS = NO;
				CLANG_ANALYZER_NONNULL = YES;
				CLANG_ANALYZER_NUMBER_OBJECT_CONVERSION = YES_AGGRESSIVE;
				CLANG_CXX_LANGUAGE_STANDARD = "gnu++14";
				CLANG_CXX_LIBRARY = "libc++";
				CLANG_ENABLE_MODULES = YES;
				CLANG_ENABLE_OBJC_ARC = YES;
				CLANG_ENABLE_OBJC_WEAK = YES;
				CLANG_WARN_BLOCK_CAPTURE_AUTORELEASING = YES;
				CLANG_WARN_BOOL_CONVERSION = YES;
				CLANG_WARN_COMMA = YES;
				CLANG_WARN_CONSTANT_CONVERSION = YES;
				CLANG_WARN_DEPRECATED_OBJC_IMPLEMENTATIONS = YES;
				CLANG_WARN_DIRECT_OBJC_ISA_USAGE = YES_ERROR;
				CLANG_WARN_DOCUMENTATION_COMMENTS = YES;
				CLANG_WARN_EMPTY_BODY = YES;
				CLANG_WARN_ENUM_CONVERSION = YES;
				CLANG_WARN_INFINITE_RECURSION = YES;
				CLANG_WARN_INT_CONVERSION = YES;
				CLANG_WARN_NON_LITERAL_NULL_CONVERSION = YES;
				CLANG_WARN_OBJC_IMPLICIT_RETAIN_SELF = YES;
				CLANG_WARN_OBJC_LITERAL_CONVERSION = YES;
				CLANG_WARN_OBJC_ROOT_CLASS = YES_ERROR;
				CLANG_WARN_RANGE_LOOP_ANALYSIS = YES;
				CLANG_WARN_STRICT_PROTOTYPES = YES;
				CLANG_WARN_SUSPICIOUS_MOVE = YES;
				CLANG_WARN_UNGUARDED_AVAILABILITY = YES_AGGRESSIVE;
				CLANG_WARN_UNREACHABLE_CODE = YES;
				CLANG_WARN__DUPLICATE_METHOD_MATCH = YES;
				COPY_PHASE_STRIP = NO;
				DEBUG_INFORMATION_FORMAT = "dwarf-with-dsym";
				ENABLE_NS_ASSERTIONS = NO;
				ENABLE_STRICT_OBJC_MSGSEND = YES;
				GCC_C_LANGUAGE_STANDARD = gnu11;
				GCC_NO_COMMON_BLOCKS = YES;
				GCC_WARN_64_TO_32_BIT_CONVERSION = YES;
				GCC_WARN_ABOUT_RETURN_TYPE = YES_ERROR;
				GCC_WARN_UNDECLARED_SELECTOR = YES;
				GCC_WARN_UNINITIALIZED_AUTOS = YES_AGGRESSIVE;
				GCC_WARN_UNUSED_FUNCTION = YES;
				GCC_WARN_UNUSED_VARIABLE = YES;
				MACOSX_DEPLOYMENT_TARGET = 10.15;
				MTL_ENABLE_DEBUG_INFO = NO;
				MTL_FAST_MATH = YES;
				SDKROOT = macosx;
			};
			name = Release;
		};
		53719FA927831B010050D982 /* Debug */ = {
			isa = XCBuildConfiguration;
			buildSettings = {
				CODE_SIGN_STYLE = Automatic;
				PRODUCT_NAME = "$(TARGET_NAME)";
			};
			name = Debug;
		};
		53719FAA27831B010050D982 /* Release */ = {
			isa = XCBuildConfiguration;
			buildSettings = {
				CODE_SIGN_STYLE = Automatic;
				PRODUCT_NAME = "$(TARGET_NAME)";
			};
			name = Release;
		};
/* End XCBuildConfiguration section */

/* Begin XCConfigurationList section */
		53719F9C27831B010050D982 /* Build configuration list for PBXProject "OS2_Bank" */ = {
			isa = XCConfigurationList;
			buildConfigurations = (
				53719FA627831B010050D982 /* Debug */,
				53719FA727831B010050D982 /* Release */,
			);
			defaultConfigurationIsVisible = 0;
			defaultConfigurationName = Release;
		};
		53719FA827831B010050D982 /* Build configuration list for PBXNativeTarget "OS2_Bank" */ = {
			isa = XCConfigurationList;
			buildConfigurations = (
				53719FA927831B010050D982 /* Debug */,
				53719FAA27831B010050D982 /* Release */,
			);
			defaultConfigurationIsVisible = 0;
			defaultConfigurationName = Release;
		};
/* End XCConfigurationList section */
	};
	rootObject = 53719F9927831B010050D982 /* Project object */;
}
